// !$*UTF8*$!
{
	archiveVersion = 1;
	classes = {
	};
	objectVersion = 46;
	objects = {

/* Begin PBXBuildFile section */
		9650BE0F0BC6088FF9F6A41B /* Pods_Logico.framework in Frameworks */ = {isa = PBXBuildFile; fileRef = 449368B03902487667E1BA80 /* Pods_Logico.framework */; };
		AB103C081F62CC2000AE8DB0 /* JoinViewController.swift in Sources */ = {isa = PBXBuildFile; fileRef = AB103C071F62CC2000AE8DB0 /* JoinViewController.swift */; };
		AB20EC0F1F611EFD00A4CCD3 /* DeliveryViewController.swift in Sources */ = {isa = PBXBuildFile; fileRef = AB20EC0E1F611EFD00A4CCD3 /* DeliveryViewController.swift */; };
		AB20EC111F611F1C00A4CCD3 /* DestinationViewController.swift in Sources */ = {isa = PBXBuildFile; fileRef = AB20EC101F611F1C00A4CCD3 /* DestinationViewController.swift */; };
		AB95BA751F60E4FA00CCFC9D /* AppDelegate.swift in Sources */ = {isa = PBXBuildFile; fileRef = AB95BA741F60E4FA00CCFC9D /* AppDelegate.swift */; };
		AB95BA771F60E4FA00CCFC9D /* ViewController.swift in Sources */ = {isa = PBXBuildFile; fileRef = AB95BA761F60E4FA00CCFC9D /* ViewController.swift */; };
		AB95BA7A1F60E4FA00CCFC9D /* Main.storyboard in Resources */ = {isa = PBXBuildFile; fileRef = AB95BA781F60E4FA00CCFC9D /* Main.storyboard */; };
		AB95BA7C1F60E4FA00CCFC9D /* Assets.xcassets in Resources */ = {isa = PBXBuildFile; fileRef = AB95BA7B1F60E4FA00CCFC9D /* Assets.xcassets */; };
		AB95BA7F1F60E4FA00CCFC9D /* LaunchScreen.storyboard in Resources */ = {isa = PBXBuildFile; fileRef = AB95BA7D1F60E4FA00CCFC9D /* LaunchScreen.storyboard */; };
		AB95BA8A1F60E4FA00CCFC9D /* LogicoTests.swift in Sources */ = {isa = PBXBuildFile; fileRef = AB95BA891F60E4FA00CCFC9D /* LogicoTests.swift */; };
		AB95BA951F60EF9800CCFC9D /* LaunchScreenViewController.swift in Sources */ = {isa = PBXBuildFile; fileRef = AB95BA941F60EF9800CCFC9D /* LaunchScreenViewController.swift */; };
		AB9E85BD1F62742300986ABA /* globalVariables.swift in Sources */ = {isa = PBXBuildFile; fileRef = AB9E85BC1F62742300986ABA /* globalVariables.swift */; };
		ABBCF66A1F6771770044CBD7 /* InquiryViewController.swift in Sources */ = {isa = PBXBuildFile; fileRef = ABBCF6691F6771770044CBD7 /* InquiryViewController.swift */; };
		ABBCF66C1F68FAC70044CBD7 /* WebViewController.swift in Sources */ = {isa = PBXBuildFile; fileRef = ABBCF66B1F68FAC70044CBD7 /* WebViewController.swift */; };
		ABBCF66E1F6903520044CBD7 /* myMenuViewController.swift in Sources */ = {isa = PBXBuildFile; fileRef = ABBCF66D1F6903520044CBD7 /* myMenuViewController.swift */; };
/* End PBXBuildFile section */

/* Begin PBXContainerItemProxy section */
		AB95BA861F60E4FA00CCFC9D /* PBXContainerItemProxy */ = {
			isa = PBXContainerItemProxy;
			containerPortal = AB95BA691F60E4F900CCFC9D /* Project object */;
			proxyType = 1;
			remoteGlobalIDString = AB95BA701F60E4F900CCFC9D;
			remoteInfo = Logico;
		};
/* End PBXContainerItemProxy section */

/* Begin PBXFileReference section */
		0A47FFDE384729B847AF0800 /* Pods-Logico.debug.xcconfig */ = {isa = PBXFileReference; includeInIndex = 1; lastKnownFileType = text.xcconfig; name = "Pods-Logico.debug.xcconfig"; path = "Pods/Target Support Files/Pods-Logico/Pods-Logico.debug.xcconfig"; sourceTree = "<group>"; };
		449368B03902487667E1BA80 /* Pods_Logico.framework */ = {isa = PBXFileReference; explicitFileType = wrapper.framework; includeInIndex = 0; path = Pods_Logico.framework; sourceTree = BUILT_PRODUCTS_DIR; };
		520AB886379EE1C88819AE7F /* Pods-Logico.release.xcconfig */ = {isa = PBXFileReference; includeInIndex = 1; lastKnownFileType = text.xcconfig; name = "Pods-Logico.release.xcconfig"; path = "Pods/Target Support Files/Pods-Logico/Pods-Logico.release.xcconfig"; sourceTree = "<group>"; };
		AB103C071F62CC2000AE8DB0 /* JoinViewController.swift */ = {isa = PBXFileReference; fileEncoding = 4; lastKnownFileType = sourcecode.swift; path = JoinViewController.swift; sourceTree = "<group>"; };
		AB20EC0E1F611EFD00A4CCD3 /* DeliveryViewController.swift */ = {isa = PBXFileReference; fileEncoding = 4; lastKnownFileType = sourcecode.swift; path = DeliveryViewController.swift; sourceTree = "<group>"; };
		AB20EC101F611F1C00A4CCD3 /* DestinationViewController.swift */ = {isa = PBXFileReference; fileEncoding = 4; lastKnownFileType = sourcecode.swift; path = DestinationViewController.swift; sourceTree = "<group>"; };
		AB95BA711F60E4FA00CCFC9D /* Logico.app */ = {isa = PBXFileReference; explicitFileType = wrapper.application; includeInIndex = 0; path = Logico.app; sourceTree = BUILT_PRODUCTS_DIR; };
		AB95BA741F60E4FA00CCFC9D /* AppDelegate.swift */ = {isa = PBXFileReference; lastKnownFileType = sourcecode.swift; path = AppDelegate.swift; sourceTree = "<group>"; };
		AB95BA761F60E4FA00CCFC9D /* ViewController.swift */ = {isa = PBXFileReference; lastKnownFileType = sourcecode.swift; path = ViewController.swift; sourceTree = "<group>"; };
		AB95BA791F60E4FA00CCFC9D /* Base */ = {isa = PBXFileReference; lastKnownFileType = file.storyboard; name = Base; path = Base.lproj/Main.storyboard; sourceTree = "<group>"; };
		AB95BA7B1F60E4FA00CCFC9D /* Assets.xcassets */ = {isa = PBXFileReference; lastKnownFileType = folder.assetcatalog; path = Assets.xcassets; sourceTree = "<group>"; };
		AB95BA7E1F60E4FA00CCFC9D /* Base */ = {isa = PBXFileReference; lastKnownFileType = file.storyboard; name = Base; path = Base.lproj/LaunchScreen.storyboard; sourceTree = "<group>"; };
		AB95BA801F60E4FA00CCFC9D /* Info.plist */ = {isa = PBXFileReference; lastKnownFileType = text.plist.xml; path = Info.plist; sourceTree = "<group>"; };
		AB95BA851F60E4FA00CCFC9D /* LogicoTests.xctest */ = {isa = PBXFileReference; explicitFileType = wrapper.cfbundle; includeInIndex = 0; path = LogicoTests.xctest; sourceTree = BUILT_PRODUCTS_DIR; };
		AB95BA891F60E4FA00CCFC9D /* LogicoTests.swift */ = {isa = PBXFileReference; lastKnownFileType = sourcecode.swift; path = LogicoTests.swift; sourceTree = "<group>"; };
		AB95BA8B1F60E4FA00CCFC9D /* Info.plist */ = {isa = PBXFileReference; lastKnownFileType = text.plist.xml; path = Info.plist; sourceTree = "<group>"; };
		AB95BA941F60EF9800CCFC9D /* LaunchScreenViewController.swift */ = {isa = PBXFileReference; fileEncoding = 4; lastKnownFileType = sourcecode.swift; path = LaunchScreenViewController.swift; sourceTree = "<group>"; };
		AB9E85BC1F62742300986ABA /* globalVariables.swift */ = {isa = PBXFileReference; fileEncoding = 4; lastKnownFileType = sourcecode.swift; path = globalVariables.swift; sourceTree = "<group>"; };
		ABBCF6691F6771770044CBD7 /* InquiryViewController.swift */ = {isa = PBXFileReference; fileEncoding = 4; lastKnownFileType = sourcecode.swift; path = InquiryViewController.swift; sourceTree = "<group>"; };
		ABBCF66B1F68FAC70044CBD7 /* WebViewController.swift */ = {isa = PBXFileReference; fileEncoding = 4; lastKnownFileType = sourcecode.swift; path = WebViewController.swift; sourceTree = "<group>"; };
		ABBCF66D1F6903520044CBD7 /* myMenuViewController.swift */ = {isa = PBXFileReference; fileEncoding = 4; lastKnownFileType = sourcecode.swift; path = myMenuViewController.swift; sourceTree = "<group>"; };
/* End PBXFileReference section */

/* Begin PBXFrameworksBuildPhase section */
		AB95BA6E1F60E4F900CCFC9D /* Frameworks */ = {
			isa = PBXFrameworksBuildPhase;
			buildActionMask = 2147483647;
			files = (
				9650BE0F0BC6088FF9F6A41B /* Pods_Logico.framework in Frameworks */,
			);
			runOnlyForDeploymentPostprocessing = 0;
		};
		AB95BA821F60E4FA00CCFC9D /* Frameworks */ = {
			isa = PBXFrameworksBuildPhase;
			buildActionMask = 2147483647;
			files = (
			);
			runOnlyForDeploymentPostprocessing = 0;
		};
/* End PBXFrameworksBuildPhase section */

/* Begin PBXGroup section */
		7FBA83CD9C35DE993F729BC4 /* Frameworks */ = {
			isa = PBXGroup;
			children = (
				449368B03902487667E1BA80 /* Pods_Logico.framework */,
			);
			name = Frameworks;
			sourceTree = "<group>";
		};
		AB95BA681F60E4F900CCFC9D = {
			isa = PBXGroup;
			children = (
				AB95BA731F60E4FA00CCFC9D /* Logico */,
				AB95BA881F60E4FA00CCFC9D /* LogicoTests */,
				AB95BA721F60E4FA00CCFC9D /* Products */,
				C4B90F6DAC22573EF637E7F9 /* Pods */,
				7FBA83CD9C35DE993F729BC4 /* Frameworks */,
			);
			sourceTree = "<group>";
		};
		AB95BA721F60E4FA00CCFC9D /* Products */ = {
			isa = PBXGroup;
			children = (
				AB95BA711F60E4FA00CCFC9D /* Logico.app */,
				AB95BA851F60E4FA00CCFC9D /* LogicoTests.xctest */,
			);
			name = Products;
			sourceTree = "<group>";
		};
		AB95BA731F60E4FA00CCFC9D /* Logico */ = {
			isa = PBXGroup;
			children = (
				AB9E85BC1F62742300986ABA /* globalVariables.swift */,
				AB95BA741F60E4FA00CCFC9D /* AppDelegate.swift */,
				AB95BA761F60E4FA00CCFC9D /* ViewController.swift */,
				AB20EC101F611F1C00A4CCD3 /* DestinationViewController.swift */,
				AB103C071F62CC2000AE8DB0 /* JoinViewController.swift */,
				AB20EC0E1F611EFD00A4CCD3 /* DeliveryViewController.swift */,
				ABBCF6691F6771770044CBD7 /* InquiryViewController.swift */,
				ABBCF66B1F68FAC70044CBD7 /* WebViewController.swift */,
				ABBCF66D1F6903520044CBD7 /* myMenuViewController.swift */,
				AB95BA941F60EF9800CCFC9D /* LaunchScreenViewController.swift */,
				AB95BA781F60E4FA00CCFC9D /* Main.storyboard */,
				AB95BA7B1F60E4FA00CCFC9D /* Assets.xcassets */,
				AB95BA7D1F60E4FA00CCFC9D /* LaunchScreen.storyboard */,
				AB95BA801F60E4FA00CCFC9D /* Info.plist */,
			);
			path = Logico;
			sourceTree = "<group>";
		};
		AB95BA881F60E4FA00CCFC9D /* LogicoTests */ = {
			isa = PBXGroup;
			children = (
				AB95BA891F60E4FA00CCFC9D /* LogicoTests.swift */,
				AB95BA8B1F60E4FA00CCFC9D /* Info.plist */,
			);
			path = LogicoTests;
			sourceTree = "<group>";
		};
		C4B90F6DAC22573EF637E7F9 /* Pods */ = {
			isa = PBXGroup;
			children = (
				0A47FFDE384729B847AF0800 /* Pods-Logico.debug.xcconfig */,
				520AB886379EE1C88819AE7F /* Pods-Logico.release.xcconfig */,
			);
			name = Pods;
			sourceTree = "<group>";
		};
/* End PBXGroup section */

/* Begin PBXNativeTarget section */
		AB95BA701F60E4F900CCFC9D /* Logico */ = {
			isa = PBXNativeTarget;
			buildConfigurationList = AB95BA8E1F60E4FA00CCFC9D /* Build configuration list for PBXNativeTarget "Logico" */;
			buildPhases = (
				2E80A3B186391DF868F32539 /* [CP] Check Pods Manifest.lock */,
				AB95BA6D1F60E4F900CCFC9D /* Sources */,
				AB95BA6E1F60E4F900CCFC9D /* Frameworks */,
				AB95BA6F1F60E4F900CCFC9D /* Resources */,
				A8B10FDF37DCB897939586BA /* [CP] Embed Pods Frameworks */,
				D41CA26F369BE7903C28A9CA /* [CP] Copy Pods Resources */,
			);
			buildRules = (
			);
			dependencies = (
			);
			name = Logico;
			productName = Logico;
			productReference = AB95BA711F60E4FA00CCFC9D /* Logico.app */;
			productType = "com.apple.product-type.application";
		};
		AB95BA841F60E4FA00CCFC9D /* LogicoTests */ = {
			isa = PBXNativeTarget;
			buildConfigurationList = AB95BA911F60E4FA00CCFC9D /* Build configuration list for PBXNativeTarget "LogicoTests" */;
			buildPhases = (
				AB95BA811F60E4FA00CCFC9D /* Sources */,
				AB95BA821F60E4FA00CCFC9D /* Frameworks */,
				AB95BA831F60E4FA00CCFC9D /* Resources */,
			);
			buildRules = (
			);
			dependencies = (
				AB95BA871F60E4FA00CCFC9D /* PBXTargetDependency */,
			);
			name = LogicoTests;
			productName = LogicoTests;
			productReference = AB95BA851F60E4FA00CCFC9D /* LogicoTests.xctest */;
			productType = "com.apple.product-type.bundle.unit-test";
		};
/* End PBXNativeTarget section */

/* Begin PBXProject section */
		AB95BA691F60E4F900CCFC9D /* Project object */ = {
			isa = PBXProject;
			attributes = {
				LastSwiftUpdateCheck = 0830;
				LastUpgradeCheck = 0830;
				ORGANIZATIONNAME = "양희준";
				TargetAttributes = {
					AB95BA701F60E4F900CCFC9D = {
						CreatedOnToolsVersion = 8.3.3;
						DevelopmentTeam = S66VGVB29H;
						ProvisioningStyle = Automatic;
					};
					AB95BA841F60E4FA00CCFC9D = {
						CreatedOnToolsVersion = 8.3.3;
						DevelopmentTeam = S66VGVB29H;
						ProvisioningStyle = Automatic;
						TestTargetID = AB95BA701F60E4F900CCFC9D;
					};
				};
			};
			buildConfigurationList = AB95BA6C1F60E4F900CCFC9D /* Build configuration list for PBXProject "Logico" */;
			compatibilityVersion = "Xcode 3.2";
			developmentRegion = English;
			hasScannedForEncodings = 0;
			knownRegions = (
				en,
				Base,
			);
			mainGroup = AB95BA681F60E4F900CCFC9D;
			productRefGroup = AB95BA721F60E4FA00CCFC9D /* Products */;
			projectDirPath = "";
			projectRoot = "";
			targets = (
				AB95BA701F60E4F900CCFC9D /* Logico */,
				AB95BA841F60E4FA00CCFC9D /* LogicoTests */,
			);
		};
/* End PBXProject section */

/* Begin PBXResourcesBuildPhase section */
		AB95BA6F1F60E4F900CCFC9D /* Resources */ = {
			isa = PBXResourcesBuildPhase;
			buildActionMask = 2147483647;
			files = (
				AB95BA7F1F60E4FA00CCFC9D /* LaunchScreen.storyboard in Resources */,
				AB95BA7C1F60E4FA00CCFC9D /* Assets.xcassets in Resources */,
				AB95BA7A1F60E4FA00CCFC9D /* Main.storyboard in Resources */,
			);
			runOnlyForDeploymentPostprocessing = 0;
		};
		AB95BA831F60E4FA00CCFC9D /* Resources */ = {
			isa = PBXResourcesBuildPhase;
			buildActionMask = 2147483647;
			files = (
			);
			runOnlyForDeploymentPostprocessing = 0;
		};
/* End PBXResourcesBuildPhase section */

/* Begin PBXShellScriptBuildPhase section */
		2E80A3B186391DF868F32539 /* [CP] Check Pods Manifest.lock */ = {
			isa = PBXShellScriptBuildPhase;
			buildActionMask = 2147483647;
			files = (
			);
			inputPaths = (
				"${PODS_PODFILE_DIR_PATH}/Podfile.lock",
				"${PODS_ROOT}/Manifest.lock",
			);
			name = "[CP] Check Pods Manifest.lock";
			outputPaths = (
				"$(DERIVED_FILE_DIR)/Pods-Logico-checkManifestLockResult.txt",
			);
			runOnlyForDeploymentPostprocessing = 0;
			shellPath = /bin/sh;
			shellScript = "diff \"${PODS_PODFILE_DIR_PATH}/Podfile.lock\" \"${PODS_ROOT}/Manifest.lock\" > /dev/null\nif [ $? != 0 ] ; then\n    # print error to STDERR\n    echo \"error: The sandbox is not in sync with the Podfile.lock. Run 'pod install' or update your CocoaPods installation.\" >&2\n    exit 1\nfi\n# This output is used by Xcode 'outputs' to avoid re-running this script phase.\necho \"SUCCESS\" > \"${SCRIPT_OUTPUT_FILE_0}\"\n";
			showEnvVarsInLog = 0;
		};
		A8B10FDF37DCB897939586BA /* [CP] Embed Pods Frameworks */ = {
			isa = PBXShellScriptBuildPhase;
			buildActionMask = 2147483647;
			files = (
			);
			inputPaths = (
				"${SRCROOT}/Pods/Target Support Files/Pods-Logico/Pods-Logico-frameworks.sh",
				"${BUILT_PRODUCTS_DIR}/Alamofire/Alamofire.framework",
				"${BUILT_PRODUCTS_DIR}/FoldingCell/FoldingCell.framework",
				"${BUILT_PRODUCTS_DIR}/Realm/Realm.framework",
				"${BUILT_PRODUCTS_DIR}/RealmSwift/RealmSwift.framework",
			);
			name = "[CP] Embed Pods Frameworks";
			outputPaths = (
				"${TARGET_BUILD_DIR}/${FRAMEWORKS_FOLDER_PATH}/Alamofire.framework",
				"${TARGET_BUILD_DIR}/${FRAMEWORKS_FOLDER_PATH}/FoldingCell.framework",
				"${TARGET_BUILD_DIR}/${FRAMEWORKS_FOLDER_PATH}/Realm.framework",
				"${TARGET_BUILD_DIR}/${FRAMEWORKS_FOLDER_PATH}/RealmSwift.framework",
			);
			runOnlyForDeploymentPostprocessing = 0;
			shellPath = /bin/sh;
			shellScript = "\"${SRCROOT}/Pods/Target Support Files/Pods-Logico/Pods-Logico-frameworks.sh\"\n";
			showEnvVarsInLog = 0;
		};
		D41CA26F369BE7903C28A9CA /* [CP] Copy Pods Resources */ = {
			isa = PBXShellScriptBuildPhase;
			buildActionMask = 2147483647;
			files = (
			);
			inputPaths = (
			);
			name = "[CP] Copy Pods Resources";
			outputPaths = (
			);
			runOnlyForDeploymentPostprocessing = 0;
			shellPath = /bin/sh;
			shellScript = "\"${SRCROOT}/Pods/Target Support Files/Pods-Logico/Pods-Logico-resources.sh\"\n";
			showEnvVarsInLog = 0;
		};
/* End PBXShellScriptBuildPhase section */

/* Begin PBXSourcesBuildPhase section */
		AB95BA6D1F60E4F900CCFC9D /* Sources */ = {
			isa = PBXSourcesBuildPhase;
			buildActionMask = 2147483647;
			files = (
				AB9E85BD1F62742300986ABA /* globalVariables.swift in Sources */,
				ABBCF66C1F68FAC70044CBD7 /* WebViewController.swift in Sources */,
				AB95BA771F60E4FA00CCFC9D /* ViewController.swift in Sources */,
				AB95BA951F60EF9800CCFC9D /* LaunchScreenViewController.swift in Sources */,
				AB20EC0F1F611EFD00A4CCD3 /* DeliveryViewController.swift in Sources */,
				ABBCF66E1F6903520044CBD7 /* myMenuViewController.swift in Sources */,
				AB95BA751F60E4FA00CCFC9D /* AppDelegate.swift in Sources */,
				AB20EC111F611F1C00A4CCD3 /* DestinationViewController.swift in Sources */,
				ABBCF66A1F6771770044CBD7 /* InquiryViewController.swift in Sources */,
				AB103C081F62CC2000AE8DB0 /* JoinViewController.swift in Sources */,
			);
			runOnlyForDeploymentPostprocessing = 0;
		};
		AB95BA811F60E4FA00CCFC9D /* Sources */ = {
			isa = PBXSourcesBuildPhase;
			buildActionMask = 2147483647;
			files = (
				AB95BA8A1F60E4FA00CCFC9D /* LogicoTests.swift in Sources */,
			);
			runOnlyForDeploymentPostprocessing = 0;
		};
/* End PBXSourcesBuildPhase section */

/* Begin PBXTargetDependency section */
		AB95BA871F60E4FA00CCFC9D /* PBXTargetDependency */ = {
			isa = PBXTargetDependency;
			target = AB95BA701F60E4F900CCFC9D /* Logico */;
			targetProxy = AB95BA861F60E4FA00CCFC9D /* PBXContainerItemProxy */;
		};
/* End PBXTargetDependency section */

/* Begin PBXVariantGroup section */
		AB95BA781F60E4FA00CCFC9D /* Main.storyboard */ = {
			isa = PBXVariantGroup;
			children = (
				AB95BA791F60E4FA00CCFC9D /* Base */,
			);
			name = Main.storyboard;
			sourceTree = "<group>";
		};
		AB95BA7D1F60E4FA00CCFC9D /* LaunchScreen.storyboard */ = {
			isa = PBXVariantGroup;
			children = (
				AB95BA7E1F60E4FA00CCFC9D /* Base */,
			);
			name = LaunchScreen.storyboard;
			sourceTree = "<group>";
		};
/* End PBXVariantGroup section */

/* Begin XCBuildConfiguration section */
		AB95BA8C1F60E4FA00CCFC9D /* Debug */ = {
			isa = XCBuildConfiguration;
			buildSettings = {
				ALWAYS_SEARCH_USER_PATHS = NO;
				CLANG_ANALYZER_NONNULL = YES;
				CLANG_ANALYZER_NUMBER_OBJECT_CONVERSION = YES_AGGRESSIVE;
				CLANG_CXX_LANGUAGE_STANDARD = "gnu++0x";
				CLANG_CXX_LIBRARY = "libc++";
				CLANG_ENABLE_MODULES = YES;
				CLANG_ENABLE_OBJC_ARC = YES;
				CLANG_WARN_BOOL_CONVERSION = YES;
				CLANG_WARN_CONSTANT_CONVERSION = YES;
				CLANG_WARN_DIRECT_OBJC_ISA_USAGE = YES_ERROR;
				CLANG_WARN_DOCUMENTATION_COMMENTS = YES;
				CLANG_WARN_EMPTY_BODY = YES;
				CLANG_WARN_ENUM_CONVERSION = YES;
				CLANG_WARN_INFINITE_RECURSION = YES;
				CLANG_WARN_INT_CONVERSION = YES;
				CLANG_WARN_OBJC_ROOT_CLASS = YES_ERROR;
				CLANG_WARN_SUSPICIOUS_MOVE = YES;
				CLANG_WARN_UNREACHABLE_CODE = YES;
				CLANG_WARN__DUPLICATE_METHOD_MATCH = YES;
				"CODE_SIGN_IDENTITY[sdk=iphoneos*]" = "iPhone Developer";
				COPY_PHASE_STRIP = NO;
				DEBUG_INFORMATION_FORMAT = dwarf;
				ENABLE_STRICT_OBJC_MSGSEND = YES;
				ENABLE_TESTABILITY = YES;
				GCC_C_LANGUAGE_STANDARD = gnu99;
				GCC_DYNAMIC_NO_PIC = NO;
				GCC_NO_COMMON_BLOCKS = YES;
				GCC_OPTIMIZATION_LEVEL = 0;
				GCC_PREPROCESSOR_DEFINITIONS = (
					"DEBUG=1",
					"$(inherited)",
				);
				GCC_WARN_64_TO_32_BIT_CONVERSION = YES;
				GCC_WARN_ABOUT_RETURN_TYPE = YES_ERROR;
				GCC_WARN_UNDECLARED_SELECTOR = YES;
				GCC_WARN_UNINITIALIZED_AUTOS = YES_AGGRESSIVE;
				GCC_WARN_UNUSED_FUNCTION = YES;
				GCC_WARN_UNUSED_VARIABLE = YES;
				IPHONEOS_DEPLOYMENT_TARGET = 10.3;
				MTL_ENABLE_DEBUG_INFO = YES;
				ONLY_ACTIVE_ARCH = YES;
				SDKROOT = iphoneos;
				SWIFT_ACTIVE_COMPILATION_CONDITIONS = DEBUG;
				SWIFT_OPTIMIZATION_LEVEL = "-Onone";
				TARGETED_DEVICE_FAMILY = "1,2";
			};
			name = Debug;
		};
		AB95BA8D1F60E4FA00CCFC9D /* Release */ = {
			isa = XCBuildConfiguration;
			buildSettings = {
				ALWAYS_SEARCH_USER_PATHS = NO;
				CLANG_ANALYZER_NONNULL = YES;
				CLANG_ANALYZER_NUMBER_OBJECT_CONVERSION = YES_AGGRESSIVE;
				CLANG_CXX_LANGUAGE_STANDARD = "gnu++0x";
				CLANG_CXX_LIBRARY = "libc++";
				CLANG_ENABLE_MODULES = YES;
				CLANG_ENABLE_OBJC_ARC = YES;
				CLANG_WARN_BOOL_CONVERSION = YES;
				CLANG_WARN_CONSTANT_CONVERSION = YES;
				CLANG_WARN_DIRECT_OBJC_ISA_USAGE = YES_ERROR;
				CLANG_WARN_DOCUMENTATION_COMMENTS = YES;
				CLANG_WARN_EMPTY_BODY = YES;
				CLANG_WARN_ENUM_CONVERSION = YES;
				CLANG_WARN_INFINITE_RECURSION = YES;
				CLANG_WARN_INT_CONVERSION = YES;
				CLANG_WARN_OBJC_ROOT_CLASS = YES_ERROR;
				CLANG_WARN_SUSPICIOUS_MOVE = YES;
				CLANG_WARN_UNREACHABLE_CODE = YES;
				CLANG_WARN__DUPLICATE_METHOD_MATCH = YES;
				"CODE_SIGN_IDENTITY[sdk=iphoneos*]" = "iPhone Developer";
				COPY_PHASE_STRIP = NO;
				DEBUG_INFORMATION_FORMAT = "dwarf-with-dsym";
				ENABLE_NS_ASSERTIONS = NO;
				ENABLE_STRICT_OBJC_MSGSEND = YES;
				GCC_C_LANGUAGE_STANDARD = gnu99;
				GCC_NO_COMMON_BLOCKS = YES;
				GCC_WARN_64_TO_32_BIT_CONVERSION = YES;
				GCC_WARN_ABOUT_RETURN_TYPE = YES_ERROR;
				GCC_WARN_UNDECLARED_SELECTOR = YES;
				GCC_WARN_UNINITIALIZED_AUTOS = YES_AGGRESSIVE;
				GCC_WARN_UNUSED_FUNCTION = YES;
				GCC_WARN_UNUSED_VARIABLE = YES;
				IPHONEOS_DEPLOYMENT_TARGET = 10.3;
				MTL_ENABLE_DEBUG_INFO = NO;
				SDKROOT = iphoneos;
				SWIFT_OPTIMIZATION_LEVEL = "-Owholemodule";
				TARGETED_DEVICE_FAMILY = "1,2";
				VALIDATE_PRODUCT = YES;
			};
			name = Release;
		};
		AB95BA8F1F60E4FA00CCFC9D /* Debug */ = {
			isa = XCBuildConfiguration;
			baseConfigurationReference = 0A47FFDE384729B847AF0800 /* Pods-Logico.debug.xcconfig */;
			buildSettings = {
				ASSETCATALOG_COMPILER_APPICON_NAME = AppIcon;
				DEVELOPMENT_TEAM = S66VGVB29H;
				INFOPLIST_FILE = Logico/Info.plist;
				LD_RUNPATH_SEARCH_PATHS = "$(inherited) @executable_path/Frameworks";
				PRODUCT_BUNDLE_IDENTIFIER = yangheejune.Logico;
				PRODUCT_NAME = "$(TARGET_NAME)";
				SWIFT_VERSION = 3.0;
			};
			name = Debug;
		};
		AB95BA901F60E4FA00CCFC9D /* Release */ = {
			isa = XCBuildConfiguration;
			baseConfigurationReference = 520AB886379EE1C88819AE7F /* Pods-Logico.release.xcconfig */;
			buildSettings = {
				ASSETCATALOG_COMPILER_APPICON_NAME = AppIcon;
				DEVELOPMENT_TEAM = S66VGVB29H;
				INFOPLIST_FILE = Logico/Info.plist;
				LD_RUNPATH_SEARCH_PATHS = "$(inherited) @executable_path/Frameworks";
				PRODUCT_BUNDLE_IDENTIFIER = yangheejune.Logico;
				PRODUCT_NAME = "$(TARGET_NAME)";
				SWIFT_VERSION = 3.0;
			};
			name = Release;
		};
		AB95BA921F60E4FA00CCFC9D /* Debug */ = {
			isa = XCBuildConfiguration;
			buildSettings = {
				ALWAYS_EMBED_SWIFT_STANDARD_LIBRARIES = YES;
				BUNDLE_LOADER = "$(TEST_HOST)";
				DEVELOPMENT_TEAM = S66VGVB29H;
				INFOPLIST_FILE = LogicoTests/Info.plist;
				LD_RUNPATH_SEARCH_PATHS = "$(inherited) @executable_path/Frameworks @loader_path/Frameworks";
				PRODUCT_BUNDLE_IDENTIFIER = yangheejune.LogicoTests;
				PRODUCT_NAME = "$(TARGET_NAME)";
				SWIFT_VERSION = 3.0;
				TEST_HOST = "$(BUILT_PRODUCTS_DIR)/Logico.app/Logico";
			};
			name = Debug;
		};
		AB95BA931F60E4FA00CCFC9D /* Release */ = {
			isa = XCBuildConfiguration;
			buildSettings = {
				ALWAYS_EMBED_SWIFT_STANDARD_LIBRARIES = YES;
				BUNDLE_LOADER = "$(TEST_HOST)";
				DEVELOPMENT_TEAM = S66VGVB29H;
				INFOPLIST_FILE = LogicoTests/Info.plist;
				LD_RUNPATH_SEARCH_PATHS = "$(inherited) @executable_path/Frameworks @loader_path/Frameworks";
				PRODUCT_BUNDLE_IDENTIFIER = yangheejune.LogicoTests;
				PRODUCT_NAME = "$(TARGET_NAME)";
				SWIFT_VERSION = 3.0;
				TEST_HOST = "$(BUILT_PRODUCTS_DIR)/Logico.app/Logico";
			};
			name = Release;
		};
/* End XCBuildConfiguration section */

/* Begin XCConfigurationList section */
		AB95BA6C1F60E4F900CCFC9D /* Build configuration list for PBXProject "Logico" */ = {
			isa = XCConfigurationList;
			buildConfigurations = (
				AB95BA8C1F60E4FA00CCFC9D /* Debug */,
				AB95BA8D1F60E4FA00CCFC9D /* Release */,
			);
			defaultConfigurationIsVisible = 0;
			defaultConfigurationName = Release;
		};
		AB95BA8E1F60E4FA00CCFC9D /* Build configuration list for PBXNativeTarget "Logico" */ = {
			isa = XCConfigurationList;
			buildConfigurations = (
				AB95BA8F1F60E4FA00CCFC9D /* Debug */,
				AB95BA901F60E4FA00CCFC9D /* Release */,
			);
			defaultConfigurationIsVisible = 0;
			defaultConfigurationName = Release;
		};
		AB95BA911F60E4FA00CCFC9D /* Build configuration list for PBXNativeTarget "LogicoTests" */ = {
			isa = XCConfigurationList;
			buildConfigurations = (
				AB95BA921F60E4FA00CCFC9D /* Debug */,
				AB95BA931F60E4FA00CCFC9D /* Release */,
			);
			defaultConfigurationIsVisible = 0;
			defaultConfigurationName = Release;
		};
/* End XCConfigurationList section */
	};
	rootObject = AB95BA691F60E4F900CCFC9D /* Project object */;
}
