// !$*UTF8*$!
{
	archiveVersion = 1;
	classes = {
	};
	objectVersion = 46;
	objects = {

/* Begin PBXBuildFile section */
		AB103C081F62CC2000AE8DB0 /* JoinViewController.swift in Sources */ = {isa = PBXBuildFile; fileRef = AB103C071F62CC2000AE8DB0 /* JoinViewController.swift */; };
		AB20EC0F1F611EFD00A4CCD3 /* DeliveryViewController.swift in Sources */ = {isa = PBXBuildFile; fileRef = AB20EC0E1F611EFD00A4CCD3 /* DeliveryViewController.swift */; };
		AB20EC111F611F1C00A4CCD3 /* DestinationViewController.swift in Sources */ = {isa = PBXBuildFile; fileRef = AB20EC101F611F1C00A4CCD3 /* DestinationViewController.swift */; };
		AB5496E41F69202400A60345 /* Assets.xcassets in Resources */ = {isa = PBXBuildFile; fileRef = AB5496E31F69202400A60345 /* Assets.xcassets */; };
		AB6508151F6A19CB00382CB4 /* DestinationPopupView.xib in Resources */ = {isa = PBXBuildFile; fileRef = AB6508141F6A19CB00382CB4 /* DestinationPopupView.xib */; };
		AB6508171F6A19F700382CB4 /* WeightPopupView.swift in Sources */ = {isa = PBXBuildFile; fileRef = AB6508161F6A19F700382CB4 /* WeightPopupView.swift */; };
		AB6508191F6A23EB00382CB4 /* DestinationPopupView.swift in Sources */ = {isa = PBXBuildFile; fileRef = AB6508181F6A23EB00382CB4 /* DestinationPopupView.swift */; };
		AB65081B1F6A264200382CB4 /* WeightPopupView.xib in Resources */ = {isa = PBXBuildFile; fileRef = AB65081A1F6A264200382CB4 /* WeightPopupView.xib */; };
		AB8E04641F6A3E7C00379E1F /* CategoryViewController.swift in Sources */ = {isa = PBXBuildFile; fileRef = AB8E04631F6A3E7C00379E1F /* CategoryViewController.swift */; };
		AB8E04661F6A453C00379E1F /* MirrorViewController.swift in Sources */ = {isa = PBXBuildFile; fileRef = AB8E04651F6A453C00379E1F /* MirrorViewController.swift */; };
		AB8E046A1F6A4D5700379E1F /* SegmentioBuilder.swift in Sources */ = {isa = PBXBuildFile; fileRef = AB8E04691F6A4D5700379E1F /* SegmentioBuilder.swift */; };
		AB8E046D1F6A4DCF00379E1F /* ColorPalette.swift in Sources */ = {isa = PBXBuildFile; fileRef = AB8E046B1F6A4DCF00379E1F /* ColorPalette.swift */; };
		AB8E046E1F6A4DCF00379E1F /* Hints.swift in Sources */ = {isa = PBXBuildFile; fileRef = AB8E046C1F6A4DCF00379E1F /* Hints.swift */; };
		AB8E04761F6A4EA600379E1F /* String+Convenience.swift in Sources */ = {isa = PBXBuildFile; fileRef = AB8E04721F6A4EA600379E1F /* String+Convenience.swift */; };
		AB8E04771F6A4EA600379E1F /* UIColor+RGB.swift in Sources */ = {isa = PBXBuildFile; fileRef = AB8E04731F6A4EA600379E1F /* UIColor+RGB.swift */; };
		AB8E04781F6A4EA600379E1F /* UIFont+ExampleFonts.swift in Sources */ = {isa = PBXBuildFile; fileRef = AB8E04741F6A4EA600379E1F /* UIFont+ExampleFonts.swift */; };
		AB8E04791F6A4EA600379E1F /* UINavigationBar+Flat.swift in Sources */ = {isa = PBXBuildFile; fileRef = AB8E04751F6A4EA600379E1F /* UINavigationBar+Flat.swift */; };
		AB8E04821F6A511900379E1F /* ParentsCategoryViewController.swift in Sources */ = {isa = PBXBuildFile; fileRef = AB8E04811F6A511900379E1F /* ParentsCategoryViewController.swift */; };
		AB8E04841F6A953700379E1F /* DeliveryPopupView.xib in Resources */ = {isa = PBXBuildFile; fileRef = AB8E04831F6A953700379E1F /* DeliveryPopupView.xib */; };
		AB8E04861F6A967800379E1F /* DeliveryPopupView.swift in Sources */ = {isa = PBXBuildFile; fileRef = AB8E04851F6A967800379E1F /* DeliveryPopupView.swift */; };
		AB8E04881F6AD69F00379E1F /* HomeDeliveryViewController.swift in Sources */ = {isa = PBXBuildFile; fileRef = AB8E04871F6AD69F00379E1F /* HomeDeliveryViewController.swift */; };
		AB8ED8691F70979A008621F4 /* myBoxJoinViewController.swift in Sources */ = {isa = PBXBuildFile; fileRef = AB8ED8681F70979A008621F4 /* myBoxJoinViewController.swift */; };
		AB8ED8971F70BE3A008621F4 /* testViewController.swift in Sources */ = {isa = PBXBuildFile; fileRef = AB8ED8961F70BE3A008621F4 /* testViewController.swift */; };
		AB95BA751F60E4FA00CCFC9D /* AppDelegate.swift in Sources */ = {isa = PBXBuildFile; fileRef = AB95BA741F60E4FA00CCFC9D /* AppDelegate.swift */; };
		AB95BA7A1F60E4FA00CCFC9D /* Main.storyboard in Resources */ = {isa = PBXBuildFile; fileRef = AB95BA781F60E4FA00CCFC9D /* Main.storyboard */; };
		AB95BA7F1F60E4FA00CCFC9D /* LaunchScreen.storyboard in Resources */ = {isa = PBXBuildFile; fileRef = AB95BA7D1F60E4FA00CCFC9D /* LaunchScreen.storyboard */; };
		AB95BA8A1F60E4FA00CCFC9D /* LogicoTests.swift in Sources */ = {isa = PBXBuildFile; fileRef = AB95BA891F60E4FA00CCFC9D /* LogicoTests.swift */; };
		AB95BA951F60EF9800CCFC9D /* LaunchScreenViewController.swift in Sources */ = {isa = PBXBuildFile; fileRef = AB95BA941F60EF9800CCFC9D /* LaunchScreenViewController.swift */; };
		AB97878F1F717C28007824D0 /* myItemInfomationchangePopupView.xib in Resources */ = {isa = PBXBuildFile; fileRef = AB97878E1F717C28007824D0 /* myItemInfomationchangePopupView.xib */; };
		AB9787911F717CCB007824D0 /* UserInfomationchangePopupView.xib in Resources */ = {isa = PBXBuildFile; fileRef = AB9787901F717CCB007824D0 /* UserInfomationchangePopupView.xib */; };
		AB97879B1F719448007824D0 /* myItemInfomationPopupView.swift in Sources */ = {isa = PBXBuildFile; fileRef = AB97879A1F719448007824D0 /* myItemInfomationPopupView.swift */; };
		AB97879D1F719463007824D0 /* myItemInfomationPopupView.xib in Resources */ = {isa = PBXBuildFile; fileRef = AB97879C1F719463007824D0 /* myItemInfomationPopupView.xib */; };
		AB97879F1F71A67F007824D0 /* BeginLaunchScreenViewController.swift in Sources */ = {isa = PBXBuildFile; fileRef = AB97879E1F71A67F007824D0 /* BeginLaunchScreenViewController.swift */; };
		AB9E85BD1F62742300986ABA /* globalVariables.swift in Sources */ = {isa = PBXBuildFile; fileRef = AB9E85BC1F62742300986ABA /* globalVariables.swift */; };
		ABA5D7801F6BD30C00539FDC /* myPageViewController.swift in Sources */ = {isa = PBXBuildFile; fileRef = ABA5D77F1F6BD30C00539FDC /* myPageViewController.swift */; };
		ABA5D7821F6BDFEB00539FDC /* ParentsMyBoxViewController.swift in Sources */ = {isa = PBXBuildFile; fileRef = ABA5D7811F6BDFEB00539FDC /* ParentsMyBoxViewController.swift */; };
		ABA5D7841F6BE2B600539FDC /* DestinationCheckViewController.swift in Sources */ = {isa = PBXBuildFile; fileRef = ABA5D7831F6BE2B600539FDC /* DestinationCheckViewController.swift */; };
		ABA5D7861F6D6E6100539FDC /* ItemInfomationEditViewController.swift in Sources */ = {isa = PBXBuildFile; fileRef = ABA5D7851F6D6E6100539FDC /* ItemInfomationEditViewController.swift */; };
		ABBCF66A1F6771770044CBD7 /* InquiryViewController.swift in Sources */ = {isa = PBXBuildFile; fileRef = ABBCF6691F6771770044CBD7 /* InquiryViewController.swift */; };
		BBE1EF544D0B11D20592C9DF /* Pods_Logico.framework in Frameworks */ = {isa = PBXBuildFile; fileRef = CE3D7900846DA5F288A8CC77 /* Pods_Logico.framework */; };
/* End PBXBuildFile section */

/* Begin PBXContainerItemProxy section */
		AB95BA861F60E4FA00CCFC9D /* PBXContainerItemProxy */ = {
			isa = PBXContainerItemProxy;
			containerPortal = AB95BA691F60E4F900CCFC9D /* Project object */;
			proxyType = 1;
			remoteGlobalIDString = AB95BA701F60E4F900CCFC9D;
			remoteInfo = Logico;
		};
/* End PBXContainerItemProxy section */

/* Begin PBXFileReference section */
		406BA3033929EC2766E43831 /* Pods-Logico.release.xcconfig */ = {isa = PBXFileReference; includeInIndex = 1; lastKnownFileType = text.xcconfig; name = "Pods-Logico.release.xcconfig"; path = "Pods/Target Support Files/Pods-Logico/Pods-Logico.release.xcconfig"; sourceTree = "<group>"; };
		7FDD19C6F92DE3C526B7E14F /* Pods-Logico.debug.xcconfig */ = {isa = PBXFileReference; includeInIndex = 1; lastKnownFileType = text.xcconfig; name = "Pods-Logico.debug.xcconfig"; path = "Pods/Target Support Files/Pods-Logico/Pods-Logico.debug.xcconfig"; sourceTree = "<group>"; };
		AB103C071F62CC2000AE8DB0 /* JoinViewController.swift */ = {isa = PBXFileReference; fileEncoding = 4; lastKnownFileType = sourcecode.swift; path = JoinViewController.swift; sourceTree = "<group>"; };
		AB20EC0E1F611EFD00A4CCD3 /* DeliveryViewController.swift */ = {isa = PBXFileReference; fileEncoding = 4; lastKnownFileType = sourcecode.swift; path = DeliveryViewController.swift; sourceTree = "<group>"; };
		AB20EC101F611F1C00A4CCD3 /* DestinationViewController.swift */ = {isa = PBXFileReference; fileEncoding = 4; lastKnownFileType = sourcecode.swift; path = DestinationViewController.swift; sourceTree = "<group>"; };
		AB5496E31F69202400A60345 /* Assets.xcassets */ = {isa = PBXFileReference; lastKnownFileType = folder.assetcatalog; path = Assets.xcassets; sourceTree = "<group>"; };
		AB6508141F6A19CB00382CB4 /* DestinationPopupView.xib */ = {isa = PBXFileReference; fileEncoding = 4; lastKnownFileType = file.xib; path = DestinationPopupView.xib; sourceTree = "<group>"; };
		AB6508161F6A19F700382CB4 /* WeightPopupView.swift */ = {isa = PBXFileReference; fileEncoding = 4; lastKnownFileType = sourcecode.swift; path = WeightPopupView.swift; sourceTree = "<group>"; };
		AB6508181F6A23EB00382CB4 /* DestinationPopupView.swift */ = {isa = PBXFileReference; fileEncoding = 4; lastKnownFileType = sourcecode.swift; path = DestinationPopupView.swift; sourceTree = "<group>"; };
		AB65081A1F6A264200382CB4 /* WeightPopupView.xib */ = {isa = PBXFileReference; fileEncoding = 4; lastKnownFileType = file.xib; path = WeightPopupView.xib; sourceTree = "<group>"; };
		AB8E04631F6A3E7C00379E1F /* CategoryViewController.swift */ = {isa = PBXFileReference; fileEncoding = 4; lastKnownFileType = sourcecode.swift; path = CategoryViewController.swift; sourceTree = "<group>"; };
		AB8E04651F6A453C00379E1F /* MirrorViewController.swift */ = {isa = PBXFileReference; fileEncoding = 4; lastKnownFileType = sourcecode.swift; path = MirrorViewController.swift; sourceTree = "<group>"; };
		AB8E04691F6A4D5700379E1F /* SegmentioBuilder.swift */ = {isa = PBXFileReference; fileEncoding = 4; lastKnownFileType = sourcecode.swift; path = SegmentioBuilder.swift; sourceTree = "<group>"; };
		AB8E046B1F6A4DCF00379E1F /* ColorPalette.swift */ = {isa = PBXFileReference; fileEncoding = 4; lastKnownFileType = sourcecode.swift; path = ColorPalette.swift; sourceTree = "<group>"; };
		AB8E046C1F6A4DCF00379E1F /* Hints.swift */ = {isa = PBXFileReference; fileEncoding = 4; lastKnownFileType = sourcecode.swift; path = Hints.swift; sourceTree = "<group>"; };
		AB8E04721F6A4EA600379E1F /* String+Convenience.swift */ = {isa = PBXFileReference; lastKnownFileType = sourcecode.swift; name = "String+Convenience.swift"; path = "Extensions/String+Convenience.swift"; sourceTree = "<group>"; };
		AB8E04731F6A4EA600379E1F /* UIColor+RGB.swift */ = {isa = PBXFileReference; lastKnownFileType = sourcecode.swift; name = "UIColor+RGB.swift"; path = "Extensions/UIColor+RGB.swift"; sourceTree = "<group>"; };
		AB8E04741F6A4EA600379E1F /* UIFont+ExampleFonts.swift */ = {isa = PBXFileReference; lastKnownFileType = sourcecode.swift; name = "UIFont+ExampleFonts.swift"; path = "Extensions/UIFont+ExampleFonts.swift"; sourceTree = "<group>"; };
		AB8E04751F6A4EA600379E1F /* UINavigationBar+Flat.swift */ = {isa = PBXFileReference; lastKnownFileType = sourcecode.swift; name = "UINavigationBar+Flat.swift"; path = "Extensions/UINavigationBar+Flat.swift"; sourceTree = "<group>"; };
		AB8E04811F6A511900379E1F /* ParentsCategoryViewController.swift */ = {isa = PBXFileReference; fileEncoding = 4; lastKnownFileType = sourcecode.swift; path = ParentsCategoryViewController.swift; sourceTree = "<group>"; };
		AB8E04831F6A953700379E1F /* DeliveryPopupView.xib */ = {isa = PBXFileReference; fileEncoding = 4; lastKnownFileType = file.xib; path = DeliveryPopupView.xib; sourceTree = "<group>"; };
		AB8E04851F6A967800379E1F /* DeliveryPopupView.swift */ = {isa = PBXFileReference; fileEncoding = 4; lastKnownFileType = sourcecode.swift; path = DeliveryPopupView.swift; sourceTree = "<group>"; };
		AB8E04871F6AD69F00379E1F /* HomeDeliveryViewController.swift */ = {isa = PBXFileReference; fileEncoding = 4; lastKnownFileType = sourcecode.swift; path = HomeDeliveryViewController.swift; sourceTree = "<group>"; };
		AB8ED8681F70979A008621F4 /* myBoxJoinViewController.swift */ = {isa = PBXFileReference; fileEncoding = 4; lastKnownFileType = sourcecode.swift; path = myBoxJoinViewController.swift; sourceTree = "<group>"; };
		AB8ED8961F70BE3A008621F4 /* testViewController.swift */ = {isa = PBXFileReference; fileEncoding = 4; lastKnownFileType = sourcecode.swift; path = testViewController.swift; sourceTree = "<group>"; };
		AB95BA711F60E4FA00CCFC9D /* Logico.app */ = {isa = PBXFileReference; explicitFileType = wrapper.application; includeInIndex = 0; path = Logico.app; sourceTree = BUILT_PRODUCTS_DIR; };
		AB95BA741F60E4FA00CCFC9D /* AppDelegate.swift */ = {isa = PBXFileReference; lastKnownFileType = sourcecode.swift; path = AppDelegate.swift; sourceTree = "<group>"; };
		AB95BA791F60E4FA00CCFC9D /* Base */ = {isa = PBXFileReference; lastKnownFileType = file.storyboard; name = Base; path = Base.lproj/Main.storyboard; sourceTree = "<group>"; };
		AB95BA7E1F60E4FA00CCFC9D /* Base */ = {isa = PBXFileReference; lastKnownFileType = file.storyboard; name = Base; path = Base.lproj/LaunchScreen.storyboard; sourceTree = "<group>"; };
		AB95BA801F60E4FA00CCFC9D /* Info.plist */ = {isa = PBXFileReference; lastKnownFileType = text.plist.xml; path = Info.plist; sourceTree = "<group>"; };
		AB95BA851F60E4FA00CCFC9D /* LogicoTests.xctest */ = {isa = PBXFileReference; explicitFileType = wrapper.cfbundle; includeInIndex = 0; path = LogicoTests.xctest; sourceTree = BUILT_PRODUCTS_DIR; };
		AB95BA891F60E4FA00CCFC9D /* LogicoTests.swift */ = {isa = PBXFileReference; lastKnownFileType = sourcecode.swift; path = LogicoTests.swift; sourceTree = "<group>"; };
		AB95BA8B1F60E4FA00CCFC9D /* Info.plist */ = {isa = PBXFileReference; lastKnownFileType = text.plist.xml; path = Info.plist; sourceTree = "<group>"; };
		AB95BA941F60EF9800CCFC9D /* LaunchScreenViewController.swift */ = {isa = PBXFileReference; fileEncoding = 4; lastKnownFileType = sourcecode.swift; path = LaunchScreenViewController.swift; sourceTree = "<group>"; };
		AB97878E1F717C28007824D0 /* myItemInfomationchangePopupView.xib */ = {isa = PBXFileReference; fileEncoding = 4; lastKnownFileType = file.xib; path = myItemInfomationchangePopupView.xib; sourceTree = "<group>"; };
		AB9787901F717CCB007824D0 /* UserInfomationchangePopupView.xib */ = {isa = PBXFileReference; fileEncoding = 4; lastKnownFileType = file.xib; path = UserInfomationchangePopupView.xib; sourceTree = "<group>"; };
		AB97879A1F719448007824D0 /* myItemInfomationPopupView.swift */ = {isa = PBXFileReference; fileEncoding = 4; lastKnownFileType = sourcecode.swift; path = myItemInfomationPopupView.swift; sourceTree = "<group>"; };
		AB97879C1F719463007824D0 /* myItemInfomationPopupView.xib */ = {isa = PBXFileReference; fileEncoding = 4; lastKnownFileType = file.xib; path = myItemInfomationPopupView.xib; sourceTree = "<group>"; };
		AB97879E1F71A67F007824D0 /* BeginLaunchScreenViewController.swift */ = {isa = PBXFileReference; fileEncoding = 4; lastKnownFileType = sourcecode.swift; path = BeginLaunchScreenViewController.swift; sourceTree = "<group>"; };
		AB9E85BC1F62742300986ABA /* globalVariables.swift */ = {isa = PBXFileReference; fileEncoding = 4; lastKnownFileType = sourcecode.swift; path = globalVariables.swift; sourceTree = "<group>"; };
		ABA5D77F1F6BD30C00539FDC /* myPageViewController.swift */ = {isa = PBXFileReference; fileEncoding = 4; lastKnownFileType = sourcecode.swift; path = myPageViewController.swift; sourceTree = "<group>"; };
		ABA5D7811F6BDFEB00539FDC /* ParentsMyBoxViewController.swift */ = {isa = PBXFileReference; fileEncoding = 4; lastKnownFileType = sourcecode.swift; path = ParentsMyBoxViewController.swift; sourceTree = "<group>"; };
		ABA5D7831F6BE2B600539FDC /* DestinationCheckViewController.swift */ = {isa = PBXFileReference; fileEncoding = 4; lastKnownFileType = sourcecode.swift; path = DestinationCheckViewController.swift; sourceTree = "<group>"; };
		ABA5D7851F6D6E6100539FDC /* ItemInfomationEditViewController.swift */ = {isa = PBXFileReference; fileEncoding = 4; lastKnownFileType = sourcecode.swift; path = ItemInfomationEditViewController.swift; sourceTree = "<group>"; };
		ABBCF6691F6771770044CBD7 /* InquiryViewController.swift */ = {isa = PBXFileReference; fileEncoding = 4; lastKnownFileType = sourcecode.swift; path = InquiryViewController.swift; sourceTree = "<group>"; };
		CE3D7900846DA5F288A8CC77 /* Pods_Logico.framework */ = {isa = PBXFileReference; explicitFileType = wrapper.framework; includeInIndex = 0; path = Pods_Logico.framework; sourceTree = BUILT_PRODUCTS_DIR; };
/* End PBXFileReference section */

/* Begin PBXFrameworksBuildPhase section */
		AB95BA6E1F60E4F900CCFC9D /* Frameworks */ = {
			isa = PBXFrameworksBuildPhase;
			buildActionMask = 2147483647;
			files = (
				BBE1EF544D0B11D20592C9DF /* Pods_Logico.framework in Frameworks */,
			);
			runOnlyForDeploymentPostprocessing = 0;
		};
		AB95BA821F60E4FA00CCFC9D /* Frameworks */ = {
			isa = PBXFrameworksBuildPhase;
			buildActionMask = 2147483647;
			files = (
			);
			runOnlyForDeploymentPostprocessing = 0;
		};
/* End PBXFrameworksBuildPhase section */

/* Begin PBXGroup section */
		5F669452B6CBF712C3DAEB0E /* Pods */ = {
			isa = PBXGroup;
			children = (
				7FDD19C6F92DE3C526B7E14F /* Pods-Logico.debug.xcconfig */,
				406BA3033929EC2766E43831 /* Pods-Logico.release.xcconfig */,
			);
			name = Pods;
			sourceTree = "<group>";
		};
		851BE6FF24D6F3F4D2942831 /* Frameworks */ = {
			isa = PBXGroup;
			children = (
				CE3D7900846DA5F288A8CC77 /* Pods_Logico.framework */,
			);
			name = Frameworks;
			sourceTree = "<group>";
		};
		AB8E047A1F6A4F2C00379E1F /* Extensions */ = {
			isa = PBXGroup;
			children = (
				AB8E04721F6A4EA600379E1F /* String+Convenience.swift */,
				AB8E04731F6A4EA600379E1F /* UIColor+RGB.swift */,
				AB8E04741F6A4EA600379E1F /* UIFont+ExampleFonts.swift */,
				AB8E04751F6A4EA600379E1F /* UINavigationBar+Flat.swift */,
			);
			name = Extensions;
			sourceTree = "<group>";
		};
		AB8E047B1F6A4F4200379E1F /* Storyboards */ = {
			isa = PBXGroup;
			children = (
				AB6508141F6A19CB00382CB4 /* DestinationPopupView.xib */,
				AB65081A1F6A264200382CB4 /* WeightPopupView.xib */,
				AB8E04831F6A953700379E1F /* DeliveryPopupView.xib */,
				AB97879C1F719463007824D0 /* myItemInfomationPopupView.xib */,
				AB97878E1F717C28007824D0 /* myItemInfomationchangePopupView.xib */,
				AB9787901F717CCB007824D0 /* UserInfomationchangePopupView.xib */,
				AB95BA781F60E4FA00CCFC9D /* Main.storyboard */,
				AB95BA7D1F60E4FA00CCFC9D /* LaunchScreen.storyboard */,
			);
			name = Storyboards;
			sourceTree = "<group>";
		};
		AB8E047C1F6A4F5300379E1F /* ViewControllers */ = {
			isa = PBXGroup;
			children = (
				AB8E04631F6A3E7C00379E1F /* CategoryViewController.swift */,
				AB8E04651F6A453C00379E1F /* MirrorViewController.swift */,
				AB20EC101F611F1C00A4CCD3 /* DestinationViewController.swift */,
				AB103C071F62CC2000AE8DB0 /* JoinViewController.swift */,
				AB20EC0E1F611EFD00A4CCD3 /* DeliveryViewController.swift */,
				ABBCF6691F6771770044CBD7 /* InquiryViewController.swift */,
				AB8ED8681F70979A008621F4 /* myBoxJoinViewController.swift */,
				ABA5D77F1F6BD30C00539FDC /* myPageViewController.swift */,
				ABA5D7851F6D6E6100539FDC /* ItemInfomationEditViewController.swift */,
				AB8E04811F6A511900379E1F /* ParentsCategoryViewController.swift */,
				AB8E04871F6AD69F00379E1F /* HomeDeliveryViewController.swift */,
				ABA5D7811F6BDFEB00539FDC /* ParentsMyBoxViewController.swift */,
				ABA5D7831F6BE2B600539FDC /* DestinationCheckViewController.swift */,
				AB8ED8961F70BE3A008621F4 /* testViewController.swift */,
			);
			name = ViewControllers;
			sourceTree = "<group>";
		};
		AB8E047D1F6A4F8B00379E1F /* PopupViewControllers */ = {
			isa = PBXGroup;
			children = (
				AB6508181F6A23EB00382CB4 /* DestinationPopupView.swift */,
				AB6508161F6A19F700382CB4 /* WeightPopupView.swift */,
				AB8E04851F6A967800379E1F /* DeliveryPopupView.swift */,
				AB97879A1F719448007824D0 /* myItemInfomationPopupView.swift */,
			);
			name = PopupViewControllers;
			sourceTree = "<group>";
		};
		AB8E047E1F6A4FC100379E1F /* Resorces */ = {
			isa = PBXGroup;
			children = (
				AB8E046B1F6A4DCF00379E1F /* ColorPalette.swift */,
				AB8E046C1F6A4DCF00379E1F /* Hints.swift */,
				AB5496E31F69202400A60345 /* Assets.xcassets */,
			);
			name = Resorces;
			sourceTree = "<group>";
		};
		AB8E047F1F6A4FD900379E1F /* Builders */ = {
			isa = PBXGroup;
			children = (
				AB8E04691F6A4D5700379E1F /* SegmentioBuilder.swift */,
			);
			name = Builders;
			sourceTree = "<group>";
		};
		AB8E04801F6A4FF800379E1F /* Models */ = {
			isa = PBXGroup;
			children = (
				AB9E85BC1F62742300986ABA /* globalVariables.swift */,
				AB97879E1F71A67F007824D0 /* BeginLaunchScreenViewController.swift */,
				AB95BA941F60EF9800CCFC9D /* LaunchScreenViewController.swift */,
			);
			name = Models;
			sourceTree = "<group>";
		};
		AB95BA681F60E4F900CCFC9D = {
			isa = PBXGroup;
			children = (
				AB95BA731F60E4FA00CCFC9D /* Logico */,
				AB95BA881F60E4FA00CCFC9D /* LogicoTests */,
				AB95BA721F60E4FA00CCFC9D /* Products */,
				5F669452B6CBF712C3DAEB0E /* Pods */,
				851BE6FF24D6F3F4D2942831 /* Frameworks */,
			);
			sourceTree = "<group>";
		};
		AB95BA721F60E4FA00CCFC9D /* Products */ = {
			isa = PBXGroup;
			children = (
				AB95BA711F60E4FA00CCFC9D /* Logico.app */,
				AB95BA851F60E4FA00CCFC9D /* LogicoTests.xctest */,
			);
			name = Products;
			sourceTree = "<group>";
		};
		AB95BA731F60E4FA00CCFC9D /* Logico */ = {
			isa = PBXGroup;
			children = (
				AB95BA741F60E4FA00CCFC9D /* AppDelegate.swift */,
				AB8E04801F6A4FF800379E1F /* Models */,
				AB8E047F1F6A4FD900379E1F /* Builders */,
				AB8E047E1F6A4FC100379E1F /* Resorces */,
				AB8E047D1F6A4F8B00379E1F /* PopupViewControllers */,
				AB8E047C1F6A4F5300379E1F /* ViewControllers */,
				AB8E047B1F6A4F4200379E1F /* Storyboards */,
				AB8E047A1F6A4F2C00379E1F /* Extensions */,
				AB95BA801F60E4FA00CCFC9D /* Info.plist */,
			);
			path = Logico;
			sourceTree = "<group>";
		};
		AB95BA881F60E4FA00CCFC9D /* LogicoTests */ = {
			isa = PBXGroup;
			children = (
				AB95BA891F60E4FA00CCFC9D /* LogicoTests.swift */,
				AB95BA8B1F60E4FA00CCFC9D /* Info.plist */,
			);
			path = LogicoTests;
			sourceTree = "<group>";
		};
/* End PBXGroup section */

/* Begin PBXNativeTarget section */
		AB95BA701F60E4F900CCFC9D /* Logico */ = {
			isa = PBXNativeTarget;
			buildConfigurationList = AB95BA8E1F60E4FA00CCFC9D /* Build configuration list for PBXNativeTarget "Logico" */;
			buildPhases = (
				008B7EAF62408297896DEAC4 /* [CP] Check Pods Manifest.lock */,
				AB95BA6D1F60E4F900CCFC9D /* Sources */,
				AB95BA6E1F60E4F900CCFC9D /* Frameworks */,
				AB95BA6F1F60E4F900CCFC9D /* Resources */,
				5995D40B22ECFA90A69BDD97 /* [CP] Embed Pods Frameworks */,
				AFF6AEEF6C47CF8BD062BA3A /* [CP] Copy Pods Resources */,
			);
			buildRules = (
			);
			dependencies = (
			);
			name = Logico;
			productName = Logico;
			productReference = AB95BA711F60E4FA00CCFC9D /* Logico.app */;
			productType = "com.apple.product-type.application";
		};
		AB95BA841F60E4FA00CCFC9D /* LogicoTests */ = {
			isa = PBXNativeTarget;
			buildConfigurationList = AB95BA911F60E4FA00CCFC9D /* Build configuration list for PBXNativeTarget "LogicoTests" */;
			buildPhases = (
				AB95BA811F60E4FA00CCFC9D /* Sources */,
				AB95BA821F60E4FA00CCFC9D /* Frameworks */,
				AB95BA831F60E4FA00CCFC9D /* Resources */,
			);
			buildRules = (
			);
			dependencies = (
				AB95BA871F60E4FA00CCFC9D /* PBXTargetDependency */,
			);
			name = LogicoTests;
			productName = LogicoTests;
			productReference = AB95BA851F60E4FA00CCFC9D /* LogicoTests.xctest */;
			productType = "com.apple.product-type.bundle.unit-test";
		};
/* End PBXNativeTarget section */

/* Begin PBXProject section */
		AB95BA691F60E4F900CCFC9D /* Project object */ = {
			isa = PBXProject;
			attributes = {
				LastSwiftUpdateCheck = 0830;
				LastUpgradeCheck = 0830;
				ORGANIZATIONNAME = "양희준";
				TargetAttributes = {
					AB95BA701F60E4F900CCFC9D = {
						CreatedOnToolsVersion = 8.3.3;
						DevelopmentTeam = S66VGVB29H;
						ProvisioningStyle = Automatic;
					};
					AB95BA841F60E4FA00CCFC9D = {
						CreatedOnToolsVersion = 8.3.3;
						DevelopmentTeam = S66VGVB29H;
						ProvisioningStyle = Automatic;
						TestTargetID = AB95BA701F60E4F900CCFC9D;
					};
				};
			};
			buildConfigurationList = AB95BA6C1F60E4F900CCFC9D /* Build configuration list for PBXProject "Logico" */;
			compatibilityVersion = "Xcode 3.2";
			developmentRegion = English;
			hasScannedForEncodings = 0;
			knownRegions = (
				en,
				Base,
			);
			mainGroup = AB95BA681F60E4F900CCFC9D;
			productRefGroup = AB95BA721F60E4FA00CCFC9D /* Products */;
			projectDirPath = "";
			projectRoot = "";
			targets = (
				AB95BA701F60E4F900CCFC9D /* Logico */,
				AB95BA841F60E4FA00CCFC9D /* LogicoTests */,
			);
		};
/* End PBXProject section */

/* Begin PBXResourcesBuildPhase section */
		AB95BA6F1F60E4F900CCFC9D /* Resources */ = {
			isa = PBXResourcesBuildPhase;
			buildActionMask = 2147483647;
			files = (
				AB97879D1F719463007824D0 /* myItemInfomationPopupView.xib in Resources */,
				AB65081B1F6A264200382CB4 /* WeightPopupView.xib in Resources */,
				AB97878F1F717C28007824D0 /* myItemInfomationchangePopupView.xib in Resources */,
				AB95BA7F1F60E4FA00CCFC9D /* LaunchScreen.storyboard in Resources */,
				AB6508151F6A19CB00382CB4 /* DestinationPopupView.xib in Resources */,
				AB8E04841F6A953700379E1F /* DeliveryPopupView.xib in Resources */,
				AB5496E41F69202400A60345 /* Assets.xcassets in Resources */,
				AB9787911F717CCB007824D0 /* UserInfomationchangePopupView.xib in Resources */,
				AB95BA7A1F60E4FA00CCFC9D /* Main.storyboard in Resources */,
			);
			runOnlyForDeploymentPostprocessing = 0;
		};
		AB95BA831F60E4FA00CCFC9D /* Resources */ = {
			isa = PBXResourcesBuildPhase;
			buildActionMask = 2147483647;
			files = (
			);
			runOnlyForDeploymentPostprocessing = 0;
		};
/* End PBXResourcesBuildPhase section */

/* Begin PBXShellScriptBuildPhase section */
		008B7EAF62408297896DEAC4 /* [CP] Check Pods Manifest.lock */ = {
			isa = PBXShellScriptBuildPhase;
			buildActionMask = 2147483647;
			files = (
			);
			inputPaths = (
				"${PODS_PODFILE_DIR_PATH}/Podfile.lock",
				"${PODS_ROOT}/Manifest.lock",
			);
			name = "[CP] Check Pods Manifest.lock";
			outputPaths = (
				"$(DERIVED_FILE_DIR)/Pods-Logico-checkManifestLockResult.txt",
			);
			runOnlyForDeploymentPostprocessing = 0;
			shellPath = /bin/sh;
			shellScript = "diff \"${PODS_PODFILE_DIR_PATH}/Podfile.lock\" \"${PODS_ROOT}/Manifest.lock\" > /dev/null\nif [ $? != 0 ] ; then\n    # print error to STDERR\n    echo \"error: The sandbox is not in sync with the Podfile.lock. Run 'pod install' or update your CocoaPods installation.\" >&2\n    exit 1\nfi\n# This output is used by Xcode 'outputs' to avoid re-running this script phase.\necho \"SUCCESS\" > \"${SCRIPT_OUTPUT_FILE_0}\"\n";
			showEnvVarsInLog = 0;
		};
		5995D40B22ECFA90A69BDD97 /* [CP] Embed Pods Frameworks */ = {
			isa = PBXShellScriptBuildPhase;
			buildActionMask = 2147483647;
			files = (
			);
			inputPaths = (
				"${SRCROOT}/Pods/Target Support Files/Pods-Logico/Pods-Logico-frameworks.sh",
				"${BUILT_PRODUCTS_DIR}/Alamofire/Alamofire.framework",
				"${BUILT_PRODUCTS_DIR}/FoldingCell/FoldingCell.framework",
				"${BUILT_PRODUCTS_DIR}/Realm/Realm.framework",
				"${BUILT_PRODUCTS_DIR}/RealmSwift/RealmSwift.framework",
				"${BUILT_PRODUCTS_DIR}/Segmentio/Segmentio.framework",
			);
			name = "[CP] Embed Pods Frameworks";
			outputPaths = (
				"${TARGET_BUILD_DIR}/${FRAMEWORKS_FOLDER_PATH}/Alamofire.framework",
				"${TARGET_BUILD_DIR}/${FRAMEWORKS_FOLDER_PATH}/FoldingCell.framework",
				"${TARGET_BUILD_DIR}/${FRAMEWORKS_FOLDER_PATH}/Realm.framework",
				"${TARGET_BUILD_DIR}/${FRAMEWORKS_FOLDER_PATH}/RealmSwift.framework",
				"${TARGET_BUILD_DIR}/${FRAMEWORKS_FOLDER_PATH}/Segmentio.framework",
			);
			runOnlyForDeploymentPostprocessing = 0;
			shellPath = /bin/sh;
			shellScript = "\"${SRCROOT}/Pods/Target Support Files/Pods-Logico/Pods-Logico-frameworks.sh\"\n";
			showEnvVarsInLog = 0;
		};
		AFF6AEEF6C47CF8BD062BA3A /* [CP] Copy Pods Resources */ = {
			isa = PBXShellScriptBuildPhase;
			buildActionMask = 2147483647;
			files = (
			);
			inputPaths = (
			);
			name = "[CP] Copy Pods Resources";
			outputPaths = (
			);
			runOnlyForDeploymentPostprocessing = 0;
			shellPath = /bin/sh;
			shellScript = "\"${SRCROOT}/Pods/Target Support Files/Pods-Logico/Pods-Logico-resources.sh\"\n";
			showEnvVarsInLog = 0;
		};
/* End PBXShellScriptBuildPhase section */

/* Begin PBXSourcesBuildPhase section */
		AB95BA6D1F60E4F900CCFC9D /* Sources */ = {
			isa = PBXSourcesBuildPhase;
			buildActionMask = 2147483647;
			files = (
				AB8ED8691F70979A008621F4 /* myBoxJoinViewController.swift in Sources */,
				AB8E04761F6A4EA600379E1F /* String+Convenience.swift in Sources */,
				AB8ED8971F70BE3A008621F4 /* testViewController.swift in Sources */,
				ABA5D7801F6BD30C00539FDC /* myPageViewController.swift in Sources */,
				ABA5D7841F6BE2B600539FDC /* DestinationCheckViewController.swift in Sources */,
				ABA5D7821F6BDFEB00539FDC /* ParentsMyBoxViewController.swift in Sources */,
				AB97879B1F719448007824D0 /* myItemInfomationPopupView.swift in Sources */,
				AB8E04771F6A4EA600379E1F /* UIColor+RGB.swift in Sources */,
				AB8E04781F6A4EA600379E1F /* UIFont+ExampleFonts.swift in Sources */,
				AB8E04791F6A4EA600379E1F /* UINavigationBar+Flat.swift in Sources */,
				AB9E85BD1F62742300986ABA /* globalVariables.swift in Sources */,
				AB95BA951F60EF9800CCFC9D /* LaunchScreenViewController.swift in Sources */,
				AB8E046E1F6A4DCF00379E1F /* Hints.swift in Sources */,
				AB97879F1F71A67F007824D0 /* BeginLaunchScreenViewController.swift in Sources */,
				AB8E04821F6A511900379E1F /* ParentsCategoryViewController.swift in Sources */,
				AB20EC0F1F611EFD00A4CCD3 /* DeliveryViewController.swift in Sources */,
				AB6508191F6A23EB00382CB4 /* DestinationPopupView.swift in Sources */,
				AB95BA751F60E4FA00CCFC9D /* AppDelegate.swift in Sources */,
				AB20EC111F611F1C00A4CCD3 /* DestinationViewController.swift in Sources */,
				AB8E04861F6A967800379E1F /* DeliveryPopupView.swift in Sources */,
				AB8E046A1F6A4D5700379E1F /* SegmentioBuilder.swift in Sources */,
				AB8E046D1F6A4DCF00379E1F /* ColorPalette.swift in Sources */,
				AB8E04641F6A3E7C00379E1F /* CategoryViewController.swift in Sources */,
				ABBCF66A1F6771770044CBD7 /* InquiryViewController.swift in Sources */,
				AB8E04881F6AD69F00379E1F /* HomeDeliveryViewController.swift in Sources */,
				AB103C081F62CC2000AE8DB0 /* JoinViewController.swift in Sources */,
				AB6508171F6A19F700382CB4 /* WeightPopupView.swift in Sources */,
				AB8E04661F6A453C00379E1F /* MirrorViewController.swift in Sources */,
				ABA5D7861F6D6E6100539FDC /* ItemInfomationEditViewController.swift in Sources */,
			);
			runOnlyForDeploymentPostprocessing = 0;
		};
		AB95BA811F60E4FA00CCFC9D /* Sources */ = {
			isa = PBXSourcesBuildPhase;
			buildActionMask = 2147483647;
			files = (
				AB95BA8A1F60E4FA00CCFC9D /* LogicoTests.swift in Sources */,
			);
			runOnlyForDeploymentPostprocessing = 0;
		};
/* End PBXSourcesBuildPhase section */

/* Begin PBXTargetDependency section */
		AB95BA871F60E4FA00CCFC9D /* PBXTargetDependency */ = {
			isa = PBXTargetDependency;
			target = AB95BA701F60E4F900CCFC9D /* Logico */;
			targetProxy = AB95BA861F60E4FA00CCFC9D /* PBXContainerItemProxy */;
		};
/* End PBXTargetDependency section */

/* Begin PBXVariantGroup section */
		AB95BA781F60E4FA00CCFC9D /* Main.storyboard */ = {
			isa = PBXVariantGroup;
			children = (
				AB95BA791F60E4FA00CCFC9D /* Base */,
			);
			name = Main.storyboard;
			sourceTree = "<group>";
		};
		AB95BA7D1F60E4FA00CCFC9D /* LaunchScreen.storyboard */ = {
			isa = PBXVariantGroup;
			children = (
				AB95BA7E1F60E4FA00CCFC9D /* Base */,
			);
			name = LaunchScreen.storyboard;
			sourceTree = "<group>";
		};
/* End PBXVariantGroup section */

/* Begin XCBuildConfiguration section */
		AB95BA8C1F60E4FA00CCFC9D /* Debug */ = {
			isa = XCBuildConfiguration;
			buildSettings = {
				ALWAYS_SEARCH_USER_PATHS = NO;
				CLANG_ANALYZER_NONNULL = YES;
				CLANG_ANALYZER_NUMBER_OBJECT_CONVERSION = YES_AGGRESSIVE;
				CLANG_CXX_LANGUAGE_STANDARD = "gnu++0x";
				CLANG_CXX_LIBRARY = "libc++";
				CLANG_ENABLE_MODULES = YES;
				CLANG_ENABLE_OBJC_ARC = YES;
				CLANG_WARN_BOOL_CONVERSION = YES;
				CLANG_WARN_CONSTANT_CONVERSION = YES;
				CLANG_WARN_DIRECT_OBJC_ISA_USAGE = YES_ERROR;
				CLANG_WARN_DOCUMENTATION_COMMENTS = YES;
				CLANG_WARN_EMPTY_BODY = YES;
				CLANG_WARN_ENUM_CONVERSION = YES;
				CLANG_WARN_INFINITE_RECURSION = YES;
				CLANG_WARN_INT_CONVERSION = YES;
				CLANG_WARN_OBJC_ROOT_CLASS = YES_ERROR;
				CLANG_WARN_SUSPICIOUS_MOVE = YES;
				CLANG_WARN_UNREACHABLE_CODE = YES;
				CLANG_WARN__DUPLICATE_METHOD_MATCH = YES;
				"CODE_SIGN_IDENTITY[sdk=iphoneos*]" = "iPhone Developer";
				COPY_PHASE_STRIP = NO;
				DEBUG_INFORMATION_FORMAT = dwarf;
				ENABLE_STRICT_OBJC_MSGSEND = YES;
				ENABLE_TESTABILITY = YES;
				GCC_C_LANGUAGE_STANDARD = gnu99;
				GCC_DYNAMIC_NO_PIC = NO;
				GCC_NO_COMMON_BLOCKS = YES;
				GCC_OPTIMIZATION_LEVEL = 0;
				GCC_PREPROCESSOR_DEFINITIONS = (
					"DEBUG=1",
					"$(inherited)",
				);
				GCC_WARN_64_TO_32_BIT_CONVERSION = YES;
				GCC_WARN_ABOUT_RETURN_TYPE = YES_ERROR;
				GCC_WARN_UNDECLARED_SELECTOR = YES;
				GCC_WARN_UNINITIALIZED_AUTOS = YES_AGGRESSIVE;
				GCC_WARN_UNUSED_FUNCTION = YES;
				GCC_WARN_UNUSED_VARIABLE = YES;
				IPHONEOS_DEPLOYMENT_TARGET = 10.3;
				MTL_ENABLE_DEBUG_INFO = YES;
				ONLY_ACTIVE_ARCH = YES;
				SDKROOT = iphoneos;
				SWIFT_ACTIVE_COMPILATION_CONDITIONS = DEBUG;
				SWIFT_OPTIMIZATION_LEVEL = "-Onone";
				TARGETED_DEVICE_FAMILY = "1,2";
			};
			name = Debug;
		};
		AB95BA8D1F60E4FA00CCFC9D /* Release */ = {
			isa = XCBuildConfiguration;
			buildSettings = {
				ALWAYS_SEARCH_USER_PATHS = NO;
				CLANG_ANALYZER_NONNULL = YES;
				CLANG_ANALYZER_NUMBER_OBJECT_CONVERSION = YES_AGGRESSIVE;
				CLANG_CXX_LANGUAGE_STANDARD = "gnu++0x";
				CLANG_CXX_LIBRARY = "libc++";
				CLANG_ENABLE_MODULES = YES;
				CLANG_ENABLE_OBJC_ARC = YES;
				CLANG_WARN_BOOL_CONVERSION = YES;
				CLANG_WARN_CONSTANT_CONVERSION = YES;
				CLANG_WARN_DIRECT_OBJC_ISA_USAGE = YES_ERROR;
				CLANG_WARN_DOCUMENTATION_COMMENTS = YES;
				CLANG_WARN_EMPTY_BODY = YES;
				CLANG_WARN_ENUM_CONVERSION = YES;
				CLANG_WARN_INFINITE_RECURSION = YES;
				CLANG_WARN_INT_CONVERSION = YES;
				CLANG_WARN_OBJC_ROOT_CLASS = YES_ERROR;
				CLANG_WARN_SUSPICIOUS_MOVE = YES;
				CLANG_WARN_UNREACHABLE_CODE = YES;
				CLANG_WARN__DUPLICATE_METHOD_MATCH = YES;
				"CODE_SIGN_IDENTITY[sdk=iphoneos*]" = "iPhone Developer";
				COPY_PHASE_STRIP = NO;
				DEBUG_INFORMATION_FORMAT = "dwarf-with-dsym";
				ENABLE_NS_ASSERTIONS = NO;
				ENABLE_STRICT_OBJC_MSGSEND = YES;
				GCC_C_LANGUAGE_STANDARD = gnu99;
				GCC_NO_COMMON_BLOCKS = YES;
				GCC_WARN_64_TO_32_BIT_CONVERSION = YES;
				GCC_WARN_ABOUT_RETURN_TYPE = YES_ERROR;
				GCC_WARN_UNDECLARED_SELECTOR = YES;
				GCC_WARN_UNINITIALIZED_AUTOS = YES_AGGRESSIVE;
				GCC_WARN_UNUSED_FUNCTION = YES;
				GCC_WARN_UNUSED_VARIABLE = YES;
				IPHONEOS_DEPLOYMENT_TARGET = 10.3;
				MTL_ENABLE_DEBUG_INFO = NO;
				SDKROOT = iphoneos;
				SWIFT_OPTIMIZATION_LEVEL = "-Owholemodule";
				TARGETED_DEVICE_FAMILY = "1,2";
				VALIDATE_PRODUCT = YES;
			};
			name = Release;
		};
		AB95BA8F1F60E4FA00CCFC9D /* Debug */ = {
			isa = XCBuildConfiguration;
			baseConfigurationReference = 7FDD19C6F92DE3C526B7E14F /* Pods-Logico.debug.xcconfig */;
			buildSettings = {
				ASSETCATALOG_COMPILER_APPICON_NAME = AppIcon;
				ASSETCATALOG_COMPILER_LAUNCHIMAGE_NAME = LaunchImage;
				DEVELOPMENT_TEAM = S66VGVB29H;
				INFOPLIST_FILE = Logico/Info.plist;
				LD_RUNPATH_SEARCH_PATHS = "$(inherited) @executable_path/Frameworks";
				PRODUCT_BUNDLE_IDENTIFIER = yangheejune.Logico;
				PRODUCT_NAME = "$(TARGET_NAME)";
				SWIFT_VERSION = 3.0;
			};
			name = Debug;
		};
		AB95BA901F60E4FA00CCFC9D /* Release */ = {
			isa = XCBuildConfiguration;
			baseConfigurationReference = 406BA3033929EC2766E43831 /* Pods-Logico.release.xcconfig */;
			buildSettings = {
				ASSETCATALOG_COMPILER_APPICON_NAME = AppIcon;
				ASSETCATALOG_COMPILER_LAUNCHIMAGE_NAME = LaunchImage;
				DEVELOPMENT_TEAM = S66VGVB29H;
				INFOPLIST_FILE = Logico/Info.plist;
				LD_RUNPATH_SEARCH_PATHS = "$(inherited) @executable_path/Frameworks";
				PRODUCT_BUNDLE_IDENTIFIER = yangheejune.Logico;
				PRODUCT_NAME = "$(TARGET_NAME)";
				SWIFT_VERSION = 3.0;
			};
			name = Release;
		};
		AB95BA921F60E4FA00CCFC9D /* Debug */ = {
			isa = XCBuildConfiguration;
			buildSettings = {
				ALWAYS_EMBED_SWIFT_STANDARD_LIBRARIES = YES;
				BUNDLE_LOADER = "$(TEST_HOST)";
				DEVELOPMENT_TEAM = S66VGVB29H;
				INFOPLIST_FILE = LogicoTests/Info.plist;
				LD_RUNPATH_SEARCH_PATHS = "$(inherited) @executable_path/Frameworks @loader_path/Frameworks";
				PRODUCT_BUNDLE_IDENTIFIER = yangheejune.LogicoTests;
				PRODUCT_NAME = "$(TARGET_NAME)";
				SWIFT_VERSION = 3.0;
				TEST_HOST = "$(BUILT_PRODUCTS_DIR)/Logico.app/Logico";
			};
			name = Debug;
		};
		AB95BA931F60E4FA00CCFC9D /* Release */ = {
			isa = XCBuildConfiguration;
			buildSettings = {
				ALWAYS_EMBED_SWIFT_STANDARD_LIBRARIES = YES;
				BUNDLE_LOADER = "$(TEST_HOST)";
				DEVELOPMENT_TEAM = S66VGVB29H;
				INFOPLIST_FILE = LogicoTests/Info.plist;
				LD_RUNPATH_SEARCH_PATHS = "$(inherited) @executable_path/Frameworks @loader_path/Frameworks";
				PRODUCT_BUNDLE_IDENTIFIER = yangheejune.LogicoTests;
				PRODUCT_NAME = "$(TARGET_NAME)";
				SWIFT_VERSION = 3.0;
				TEST_HOST = "$(BUILT_PRODUCTS_DIR)/Logico.app/Logico";
			};
			name = Release;
		};
/* End XCBuildConfiguration section */

/* Begin XCConfigurationList section */
		AB95BA6C1F60E4F900CCFC9D /* Build configuration list for PBXProject "Logico" */ = {
			isa = XCConfigurationList;
			buildConfigurations = (
				AB95BA8C1F60E4FA00CCFC9D /* Debug */,
				AB95BA8D1F60E4FA00CCFC9D /* Release */,
			);
			defaultConfigurationIsVisible = 0;
			defaultConfigurationName = Release;
		};
		AB95BA8E1F60E4FA00CCFC9D /* Build configuration list for PBXNativeTarget "Logico" */ = {
			isa = XCConfigurationList;
			buildConfigurations = (
				AB95BA8F1F60E4FA00CCFC9D /* Debug */,
				AB95BA901F60E4FA00CCFC9D /* Release */,
			);
			defaultConfigurationIsVisible = 0;
			defaultConfigurationName = Release;
		};
		AB95BA911F60E4FA00CCFC9D /* Build configuration list for PBXNativeTarget "LogicoTests" */ = {
			isa = XCConfigurationList;
			buildConfigurations = (
				AB95BA921F60E4FA00CCFC9D /* Debug */,
				AB95BA931F60E4FA00CCFC9D /* Release */,
			);
			defaultConfigurationIsVisible = 0;
			defaultConfigurationName = Release;
		};
/* End XCConfigurationList section */
	};
	rootObject = AB95BA691F60E4F900CCFC9D /* Project object */;
}
